
Microsoft Visual Studio Solution File, Format Version 12.00
# Visual Studio Version 17
VisualStudioVersion = 17.4.33122.133
MinimumVisualStudioVersion = 10.0.40219.1
Project("{9A19103F-16F7-4668-BE54-9A1E7A4F7556}") = "BlazorApp", "BlazorApp\BlazorApp.csproj", "{5E33C9DA-88C8-4852-9BB4-7614A4CC9306}"
EndProject
Global
	GlobalSection(SolutionConfigurationPlatforms) = preSolution
		Debug|Any CPU = Debug|Any CPU
		Release|Any CPU = Release|Any CPU
	EndGlobalSection
	GlobalSection(ProjectConfigurationPlatforms) = postSolution
		{5E33C9DA-88C8-4852-9BB4-7614A4CC9306}.Debug|Any CPU.ActiveCfg = Debug|Any CPU
		{5E33C9DA-88C8-4852-9BB4-7614A4CC9306}.Debug|Any CPU.Build.0 = Debug|Any CPU
		{5E33C9DA-88C8-4852-9BB4-7614A4CC9306}.Release|Any CPU.ActiveCfg = Release|Any CPU
		{5E33C9DA-88C8-4852-9BB4-7614A4CC9306}.Release|Any CPU.Build.0 = Release|Any CPU
	EndGlobalSection
	GlobalSection(SolutionProperties) = preSolution
		HideSolutionNode = FALSE
	EndGlobalSection
	GlobalSection(ExtensibilityGlobals) = postSolution
		SolutionGuid = {135B3F43-A733-41E4-BEAA-1BF2F92962F4}
	EndGlobalSection
EndGlobal
